// !$*UTF8*$!
{
	archiveVersion = 1;
	classes = {
	};
	objectVersion = 77;
	objects = {

/* Begin PBXBuildFile section */
		140BADD2C92C1FD0AC74E8FB /* RookKit in Frameworks */ = {isa = PBXBuildFile; productRef = 64A7D4CEE4B45F2BC8831662 /* RookKit */; };
		219F951A1479769704EAB1DD /* ChatScreen.swift in Sources */ = {isa = PBXBuildFile; fileRef = 4C4EF5AAEC5E22542FA87BFA /* ChatScreen.swift */; };
		332BB6726F04B903CAB103CB /* SettingsScreen.swift in Sources */ = {isa = PBXBuildFile; fileRef = 768A82DF7FBC198B0C9B4666 /* SettingsScreen.swift */; };
		3E31B1CCF1F908C5F7D29789 /* RookModel.swift in Sources */ = {isa = PBXBuildFile; fileRef = 4AF66E11A378847455B9EB32 /* RookModel.swift */; };
		4173AAB22A3E2CE2F1D8F1D5 /* LocationProvider.swift in Sources */ = {isa = PBXBuildFile; fileRef = DCE760C1B72265F36091790A /* LocationProvider.swift */; };
		425A75EDAAF30B37701DD25D /* RootView.swift in Sources */ = {isa = PBXBuildFile; fileRef = D7BD772167EE16CB4B505749 /* RootView.swift */; };
		5514FB82834676808A812C07 /* ArrivalGateTests.swift in Sources */ = {isa = PBXBuildFile; fileRef = 37D6042614B792A9FB620D37 /* ArrivalGateTests.swift */; };
		6466135E2CDDBF493C2179B9 /* PlacesScreen.swift in Sources */ = {isa = PBXBuildFile; fileRef = 29576F6F57489599396405E7 /* PlacesScreen.swift */; };
		6A758CE682622466DE13275A /* EnvironmentOfferSheet.swift in Sources */ = {isa = PBXBuildFile; fileRef = D3750D99D34721CDF69C0308 /* EnvironmentOfferSheet.swift */; };
		6E1F6B55A850CCDE6BD8EBBE /* SessionsScreen.swift in Sources */ = {isa = PBXBuildFile; fileRef = CCC0E6975A54FDE443878E1C /* SessionsScreen.swift */; };
		6E9D67785D0292F3DD674483 /* RookMarkPurple.png in Resources */ = {isa = PBXBuildFile; fileRef = F7BB35715064833F54ABBC87 /* RookMarkPurple.png */; };
		8840E0A6C19AD35B38A0943B /* RookKit in Frameworks */ = {isa = PBXBuildFile; productRef = 14EB51A753FB1D1C047A02B6 /* RookKit */; };
		A8B2F835A776E831E436D046 /* Assets.xcassets in Resources */ = {isa = PBXBuildFile; fileRef = 4F66CA8B0705F9CBEB69CE12 /* Assets.xcassets */; };
		AA7B07DF99FB258A5231A471 /* EnvironmentsScreen.swift in Sources */ = {isa = PBXBuildFile; fileRef = 7BA6601D3330B68D8EFBA40E /* EnvironmentsScreen.swift */; };
		BC167FA11552D7BB927EA275 /* RookApp.swift in Sources */ = {isa = PBXBuildFile; fileRef = 3242EFA5038F71BF9B1BA2C2 /* RookApp.swift */; };
		D78E9CFFE4A0752E0DC8E7CF /* Place.swift in Sources */ = {isa = PBXBuildFile; fileRef = F4B15032C32C3A8CFD7D44F9 /* Place.swift */; };
		E392DAA1A839394313F7B082 /* AgentPickerScreen.swift in Sources */ = {isa = PBXBuildFile; fileRef = 6E79B58E5AF477E4EE3EF7A6 /* AgentPickerScreen.swift */; };
		EE970B6CE5B20C0BB894CBBE /* RookWidgets.appex in Embed Foundation Extensions */ = {isa = PBXBuildFile; fileRef = 0655A103456645FE8E991A48 /* RookWidgets.appex */; settings = {ATTRIBUTES = (RemoveHeadersOnCopy, ); }; };
		FC2958C3D2799FD727592AFB /* RookWidgetsBundle.swift in Sources */ = {isa = PBXBuildFile; fileRef = D19DA31FA2274FE9C6942E5A /* RookWidgetsBundle.swift */; };
		FE4A52A35303919174748C9F /* RookLiveActivity.swift in Sources */ = {isa = PBXBuildFile; fileRef = 4E24C81A781D992BAD441884 /* RookLiveActivity.swift */; };
/* End PBXBuildFile section */

/* Begin PBXContainerItemProxy section */
		9820E2B22093E9F4E08BFAE1 /* PBXContainerItemProxy */ = {
			isa = PBXContainerItemProxy;
			containerPortal = 8551ED3D5A86D0D7BBCB0C85 /* Project object */;
			proxyType = 1;
			remoteGlobalIDString = BECEADD2309FE9E37792DF18;
			remoteInfo = Rook;
		};
		BCCEE7E04557050887EFAE64 /* PBXContainerItemProxy */ = {
			isa = PBXContainerItemProxy;
			containerPortal = 8551ED3D5A86D0D7BBCB0C85 /* Project object */;
			proxyType = 1;
			remoteGlobalIDString = 80BB71880E0AA3D6EC52CD82;
			remoteInfo = RookWidgets;
		};
/* End PBXContainerItemProxy section */

/* Begin PBXCopyFilesBuildPhase section */
		C04DDE75DF5233EFD6F04272 /* Embed Foundation Extensions */ = {
			isa = PBXCopyFilesBuildPhase;
			buildActionMask = 2147483647;
			dstPath = "";
			dstSubfolderSpec = 13;
			files = (
				EE970B6CE5B20C0BB894CBBE /* RookWidgets.appex in Embed Foundation Extensions */,
			);
			name = "Embed Foundation Extensions";
			runOnlyForDeploymentPostprocessing = 0;
		};
/* End PBXCopyFilesBuildPhase section */

/* Begin PBXFileReference section */
		0655A103456645FE8E991A48 /* RookWidgets.appex */ = {isa = PBXFileReference; includeInIndex = 0; lastKnownFileType = "wrapper.app-extension"; path = RookWidgets.appex; sourceTree = BUILT_PRODUCTS_DIR; };
		29576F6F57489599396405E7 /* PlacesScreen.swift */ = {isa = PBXFileReference; lastKnownFileType = sourcecode.swift; path = PlacesScreen.swift; sourceTree = "<group>"; };
		2970A475DCF3F26A17C649E2 /* Rook.app */ = {isa = PBXFileReference; includeInIndex = 0; lastKnownFileType = wrapper.application; path = Rook.app; sourceTree = BUILT_PRODUCTS_DIR; };
		2C5F4783F949C9A22F7A9565 /* Info.plist */ = {isa = PBXFileReference; lastKnownFileType = text.plist; path = Info.plist; sourceTree = "<group>"; };
		3242EFA5038F71BF9B1BA2C2 /* RookApp.swift */ = {isa = PBXFileReference; lastKnownFileType = sourcecode.swift; path = RookApp.swift; sourceTree = "<group>"; };
		37D6042614B792A9FB620D37 /* ArrivalGateTests.swift */ = {isa = PBXFileReference; lastKnownFileType = sourcecode.swift; path = ArrivalGateTests.swift; sourceTree = "<group>"; };
		4AC9D0D68548AE9E330CAABA /* RookKit */ = {isa = PBXFileReference; lastKnownFileType = folder; name = RookKit; path = ../RookKit; sourceTree = SOURCE_ROOT; };
		4AF66E11A378847455B9EB32 /* RookModel.swift */ = {isa = PBXFileReference; lastKnownFileType = sourcecode.swift; path = RookModel.swift; sourceTree = "<group>"; };
		4C4EF5AAEC5E22542FA87BFA /* ChatScreen.swift */ = {isa = PBXFileReference; lastKnownFileType = sourcecode.swift; path = ChatScreen.swift; sourceTree = "<group>"; };
		4E24C81A781D992BAD441884 /* RookLiveActivity.swift */ = {isa = PBXFileReference; lastKnownFileType = sourcecode.swift; path = RookLiveActivity.swift; sourceTree = "<group>"; };
		4F66CA8B0705F9CBEB69CE12 /* Assets.xcassets */ = {isa = PBXFileReference; lastKnownFileType = folder.assetcatalog; path = Assets.xcassets; sourceTree = "<group>"; };
		6E79B58E5AF477E4EE3EF7A6 /* AgentPickerScreen.swift */ = {isa = PBXFileReference; lastKnownFileType = sourcecode.swift; path = AgentPickerScreen.swift; sourceTree = "<group>"; };
		768A82DF7FBC198B0C9B4666 /* SettingsScreen.swift */ = {isa = PBXFileReference; lastKnownFileType = sourcecode.swift; path = SettingsScreen.swift; sourceTree = "<group>"; };
		7BA6601D3330B68D8EFBA40E /* EnvironmentsScreen.swift */ = {isa = PBXFileReference; lastKnownFileType = sourcecode.swift; path = EnvironmentsScreen.swift; sourceTree = "<group>"; };
		B08909E5BDA34D380AF7B25F /* Info.plist */ = {isa = PBXFileReference; lastKnownFileType = text.plist; path = Info.plist; sourceTree = "<group>"; };
		CAB0B5D7F3477ABBB39A0B42 /* Rook.entitlements */ = {isa = PBXFileReference; lastKnownFileType = text.plist.entitlements; path = Rook.entitlements; sourceTree = "<group>"; };
		CCC0E6975A54FDE443878E1C /* SessionsScreen.swift */ = {isa = PBXFileReference; lastKnownFileType = sourcecode.swift; path = SessionsScreen.swift; sourceTree = "<group>"; };
		CE53483296E70F63627FCE2B /* RookTests.xctest */ = {isa = PBXFileReference; includeInIndex = 0; lastKnownFileType = wrapper.cfbundle; path = RookTests.xctest; sourceTree = BUILT_PRODUCTS_DIR; };
		D19DA31FA2274FE9C6942E5A /* RookWidgetsBundle.swift */ = {isa = PBXFileReference; lastKnownFileType = sourcecode.swift; path = RookWidgetsBundle.swift; sourceTree = "<group>"; };
		D3750D99D34721CDF69C0308 /* EnvironmentOfferSheet.swift */ = {isa = PBXFileReference; lastKnownFileType = sourcecode.swift; path = EnvironmentOfferSheet.swift; sourceTree = "<group>"; };
		D7BD772167EE16CB4B505749 /* RootView.swift */ = {isa = PBXFileReference; lastKnownFileType = sourcecode.swift; path = RootView.swift; sourceTree = "<group>"; };
		DCE760C1B72265F36091790A /* LocationProvider.swift */ = {isa = PBXFileReference; lastKnownFileType = sourcecode.swift; path = LocationProvider.swift; sourceTree = "<group>"; };
		F4B15032C32C3A8CFD7D44F9 /* Place.swift */ = {isa = PBXFileReference; lastKnownFileType = sourcecode.swift; path = Place.swift; sourceTree = "<group>"; };
		F7BB35715064833F54ABBC87 /* RookMarkPurple.png */ = {isa = PBXFileReference; lastKnownFileType = image.png; path = RookMarkPurple.png; sourceTree = "<group>"; };
/* End PBXFileReference section */

/* Begin PBXFrameworksBuildPhase section */
		1045E04A0B9E284ECC22A20F /* Frameworks */ = {
			isa = PBXFrameworksBuildPhase;
			buildActionMask = 2147483647;
			files = (
				140BADD2C92C1FD0AC74E8FB /* RookKit in Frameworks */,
			);
			runOnlyForDeploymentPostprocessing = 0;
		};
		EBCC19E39C0CF73BF9FDA32B /* Frameworks */ = {
			isa = PBXFrameworksBuildPhase;
			buildActionMask = 2147483647;
			files = (
				8840E0A6C19AD35B38A0943B /* RookKit in Frameworks */,
			);
			runOnlyForDeploymentPostprocessing = 0;
		};
/* End PBXFrameworksBuildPhase section */

/* Begin PBXGroup section */
		3B84888C46C0502477C50D82 = {
			isa = PBXGroup;
			children = (
				4F66CA8B0705F9CBEB69CE12 /* Assets.xcassets */,
				45470E772448A8D9AE52E08E /* Packages */,
				AF74CA7D5CB50C3666202358 /* RookWidgets */,
				64235206901FF0219CF88D93 /* Sources */,
				4BC284657011B1089CB0F3F9 /* Tests */,
				9BF2CF96022C225E7F35AC3D /* Products */,
			);
			sourceTree = "<group>";
		};
		45470E772448A8D9AE52E08E /* Packages */ = {
			isa = PBXGroup;
			children = (
				4AC9D0D68548AE9E330CAABA /* RookKit */,
			);
			name = Packages;
			sourceTree = "<group>";
		};
		4BC284657011B1089CB0F3F9 /* Tests */ = {
			isa = PBXGroup;
			children = (
				37D6042614B792A9FB620D37 /* ArrivalGateTests.swift */,
			);
			path = Tests;
			sourceTree = "<group>";
		};
		64235206901FF0219CF88D93 /* Sources */ = {
			isa = PBXGroup;
			children = (
				B08909E5BDA34D380AF7B25F /* Info.plist */,
				CAB0B5D7F3477ABBB39A0B42 /* Rook.entitlements */,
				3242EFA5038F71BF9B1BA2C2 /* RookApp.swift */,
				4AF66E11A378847455B9EB32 /* RookModel.swift */,
				83C0B875BB75ACA3F7269FF8 /* Location */,
				9525B3E845F87FA8A741FEDF /* Views */,
			);
			path = Sources;
			sourceTree = "<group>";
		};
		83C0B875BB75ACA3F7269FF8 /* Location */ = {
			isa = PBXGroup;
			children = (
				DCE760C1B72265F36091790A /* LocationProvider.swift */,
				F4B15032C32C3A8CFD7D44F9 /* Place.swift */,
			);
			path = Location;
			sourceTree = "<group>";
		};
		9525B3E845F87FA8A741FEDF /* Views */ = {
			isa = PBXGroup;
			children = (
				6E79B58E5AF477E4EE3EF7A6 /* AgentPickerScreen.swift */,
				4C4EF5AAEC5E22542FA87BFA /* ChatScreen.swift */,
				D3750D99D34721CDF69C0308 /* EnvironmentOfferSheet.swift */,
				7BA6601D3330B68D8EFBA40E /* EnvironmentsScreen.swift */,
				29576F6F57489599396405E7 /* PlacesScreen.swift */,
				D7BD772167EE16CB4B505749 /* RootView.swift */,
				CCC0E6975A54FDE443878E1C /* SessionsScreen.swift */,
				768A82DF7FBC198B0C9B4666 /* SettingsScreen.swift */,
			);
			path = Views;
			sourceTree = "<group>";
		};
		9BF2CF96022C225E7F35AC3D /* Products */ = {
			isa = PBXGroup;
			children = (
				2970A475DCF3F26A17C649E2 /* Rook.app */,
				CE53483296E70F63627FCE2B /* RookTests.xctest */,
				0655A103456645FE8E991A48 /* RookWidgets.appex */,
			);
			name = Products;
			sourceTree = "<group>";
		};
		AF74CA7D5CB50C3666202358 /* RookWidgets */ = {
			isa = PBXGroup;
			children = (
				2C5F4783F949C9A22F7A9565 /* Info.plist */,
				4E24C81A781D992BAD441884 /* RookLiveActivity.swift */,
				F7BB35715064833F54ABBC87 /* RookMarkPurple.png */,
				D19DA31FA2274FE9C6942E5A /* RookWidgetsBundle.swift */,
			);
			path = RookWidgets;
			sourceTree = "<group>";
		};
/* End PBXGroup section */

/* Begin PBXNativeTarget section */
		80BB71880E0AA3D6EC52CD82 /* RookWidgets */ = {
			isa = PBXNativeTarget;
			buildConfigurationList = D826BD93B8E44A350D602C19 /* Build configuration list for PBXNativeTarget "RookWidgets" */;
			buildPhases = (
				E19049BA0DABD3977D15C1A7 /* Sources */,
				9DDA5A7A75DD71728A272BD2 /* Resources */,
				1045E04A0B9E284ECC22A20F /* Frameworks */,
			);
			buildRules = (
			);
			dependencies = (
			);
			name = RookWidgets;
			packageProductDependencies = (
				64A7D4CEE4B45F2BC8831662 /* RookKit */,
			);
			productName = RookWidgets;
			productReference = 0655A103456645FE8E991A48 /* RookWidgets.appex */;
			productType = "com.apple.product-type.app-extension";
		};
		9ABF6EC8B2D911CBA6603E8F /* RookTests */ = {
			isa = PBXNativeTarget;
			buildConfigurationList = 2E01152453FD3DA0BCEE47A9 /* Build configuration list for PBXNativeTarget "RookTests" */;
			buildPhases = (
				9C47E39E6BDC41D6DC0824A2 /* Sources */,
			);
			buildRules = (
			);
			dependencies = (
				CB6D45E3F74202306D12973F /* PBXTargetDependency */,
			);
			name = RookTests;
			packageProductDependencies = (
			);
			productName = RookTests;
			productReference = CE53483296E70F63627FCE2B /* RookTests.xctest */;
			productType = "com.apple.product-type.bundle.unit-test";
		};
		BECEADD2309FE9E37792DF18 /* Rook */ = {
			isa = PBXNativeTarget;
			buildConfigurationList = 1A686D95BA99B938A4E66840 /* Build configuration list for PBXNativeTarget "Rook" */;
			buildPhases = (
				6E9B796607D72A98BF78B29B /* Sources */,
				33C754E912A2C26EA0AE5394 /* Resources */,
				EBCC19E39C0CF73BF9FDA32B /* Frameworks */,
				C04DDE75DF5233EFD6F04272 /* Embed Foundation Extensions */,
			);
			buildRules = (
			);
			dependencies = (
				0F6816249E0D86F0313434E3 /* PBXTargetDependency */,
			);
			name = Rook;
			packageProductDependencies = (
				14EB51A753FB1D1C047A02B6 /* RookKit */,
			);
			productName = Rook;
			productReference = 2970A475DCF3F26A17C649E2 /* Rook.app */;
			productType = "com.apple.product-type.application";
		};
/* End PBXNativeTarget section */

/* Begin PBXProject section */
		8551ED3D5A86D0D7BBCB0C85 /* Project object */ = {
			isa = PBXProject;
			attributes = {
				BuildIndependentTargetsInParallel = YES;
				LastUpgradeCheck = 1430;
				TargetAttributes = {
				};
			};
			buildConfigurationList = 8D92C9375EB3AAE1CAF52C4A /* Build configuration list for PBXProject "Rook" */;
			developmentRegion = en;
			hasScannedForEncodings = 0;
			knownRegions = (
				Base,
				en,
			);
			mainGroup = 3B84888C46C0502477C50D82;
			minimizedProjectReferenceProxies = 1;
			packageReferences = (
				01A6C9AEB7EFAF3E16322253 /* XCLocalSwiftPackageReference "../RookKit" */,
			);
			preferredProjectObjectVersion = 77;
			productRefGroup = 9BF2CF96022C225E7F35AC3D /* Products */;
			projectDirPath = "";
			projectRoot = "";
			targets = (
				BECEADD2309FE9E37792DF18 /* Rook */,
				9ABF6EC8B2D911CBA6603E8F /* RookTests */,
				80BB71880E0AA3D6EC52CD82 /* RookWidgets */,
			);
		};
/* End PBXProject section */

/* Begin PBXResourcesBuildPhase section */
		33C754E912A2C26EA0AE5394 /* Resources */ = {
			isa = PBXResourcesBuildPhase;
			buildActionMask = 2147483647;
			files = (
				A8B2F835A776E831E436D046 /* Assets.xcassets in Resources */,
			);
			runOnlyForDeploymentPostprocessing = 0;
		};
		9DDA5A7A75DD71728A272BD2 /* Resources */ = {
			isa = PBXResourcesBuildPhase;
			buildActionMask = 2147483647;
			files = (
				6E9D67785D0292F3DD674483 /* RookMarkPurple.png in Resources */,
			);
			runOnlyForDeploymentPostprocessing = 0;
		};
/* End PBXResourcesBuildPhase section */

/* Begin PBXSourcesBuildPhase section */
		6E9B796607D72A98BF78B29B /* Sources */ = {
			isa = PBXSourcesBuildPhase;
			buildActionMask = 2147483647;
			files = (
				E392DAA1A839394313F7B082 /* AgentPickerScreen.swift in Sources */,
				219F951A1479769704EAB1DD /* ChatScreen.swift in Sources */,
				6A758CE682622466DE13275A /* EnvironmentOfferSheet.swift in Sources */,
				AA7B07DF99FB258A5231A471 /* EnvironmentsScreen.swift in Sources */,
				4173AAB22A3E2CE2F1D8F1D5 /* LocationProvider.swift in Sources */,
				D78E9CFFE4A0752E0DC8E7CF /* Place.swift in Sources */,
				6466135E2CDDBF493C2179B9 /* PlacesScreen.swift in Sources */,
				BC167FA11552D7BB927EA275 /* RookApp.swift in Sources */,
				3E31B1CCF1F908C5F7D29789 /* RookModel.swift in Sources */,
				425A75EDAAF30B37701DD25D /* RootView.swift in Sources */,
				6E1F6B55A850CCDE6BD8EBBE /* SessionsScreen.swift in Sources */,
				332BB6726F04B903CAB103CB /* SettingsScreen.swift in Sources */,
			);
			runOnlyForDeploymentPostprocessing = 0;
		};
		9C47E39E6BDC41D6DC0824A2 /* Sources */ = {
			isa = PBXSourcesBuildPhase;
			buildActionMask = 2147483647;
			files = (
				5514FB82834676808A812C07 /* ArrivalGateTests.swift in Sources */,
			);
			runOnlyForDeploymentPostprocessing = 0;
		};
		E19049BA0DABD3977D15C1A7 /* Sources */ = {
			isa = PBXSourcesBuildPhase;
			buildActionMask = 2147483647;
			files = (
				FE4A52A35303919174748C9F /* RookLiveActivity.swift in Sources */,
				FC2958C3D2799FD727592AFB /* RookWidgetsBundle.swift in Sources */,
			);
			runOnlyForDeploymentPostprocessing = 0;
		};
/* End PBXSourcesBuildPhase section */

/* Begin PBXTargetDependency section */
		0F6816249E0D86F0313434E3 /* PBXTargetDependency */ = {
			isa = PBXTargetDependency;
			target = 80BB71880E0AA3D6EC52CD82 /* RookWidgets */;
			targetProxy = BCCEE7E04557050887EFAE64 /* PBXContainerItemProxy */;
		};
		CB6D45E3F74202306D12973F /* PBXTargetDependency */ = {
			isa = PBXTargetDependency;
			target = BECEADD2309FE9E37792DF18 /* Rook */;
			targetProxy = 9820E2B22093E9F4E08BFAE1 /* PBXContainerItemProxy */;
		};
/* End PBXTargetDependency section */

/* Begin XCBuildConfiguration section */
		0A867F4E65BBC45437692936 /* Release */ = {
			isa = XCBuildConfiguration;
			buildSettings = {
				BUNDLE_LOADER = "$(TEST_HOST)";
				GENERATE_INFOPLIST_FILE = YES;
				LD_RUNPATH_SEARCH_PATHS = (
					"$(inherited)",
					"@executable_path/Frameworks",
					"@loader_path/Frameworks",
				);
				PRODUCT_BUNDLE_IDENTIFIER = com.rookery.d56ksd4ff9.RookTests;
				SDKROOT = iphoneos;
				SWIFT_VERSION = 5.9;
				TARGETED_DEVICE_FAMILY = 1;
				TEST_HOST = "$(BUILT_PRODUCTS_DIR)/Rook.app/Rook";
			};
			name = Release;
		};
		1CBEE1668F6A0CDCC7C0F1A9 /* Debug */ = {
			isa = XCBuildConfiguration;
			buildSettings = {
				ASSETCATALOG_COMPILER_APPICON_NAME = AppIcon;
				CODE_SIGN_ENTITLEMENTS = Sources/Rook.entitlements;
				CODE_SIGN_IDENTITY = "iPhone Developer";
				ENABLE_USER_SCRIPT_SANDBOXING = NO;
				GENERATE_INFOPLIST_FILE = NO;
				INFOPLIST_FILE = Sources/Info.plist;
				LD_RUNPATH_SEARCH_PATHS = (
					"$(inherited)",
					"@executable_path/Frameworks",
				);
				PRODUCT_BUNDLE_IDENTIFIER = com.rookery.d56ksd4ff9.Rook;
				PRODUCT_NAME = Rook;
				SDKROOT = iphoneos;
				TARGETED_DEVICE_FAMILY = 1;
			};
			name = Debug;
		};
		3063BF82538929D41207A38A /* Debug */ = {
			isa = XCBuildConfiguration;
			buildSettings = {
				BUNDLE_LOADER = "$(TEST_HOST)";
				GENERATE_INFOPLIST_FILE = YES;
				LD_RUNPATH_SEARCH_PATHS = (
					"$(inherited)",
					"@executable_path/Frameworks",
					"@loader_path/Frameworks",
				);
				PRODUCT_BUNDLE_IDENTIFIER = com.rookery.d56ksd4ff9.RookTests;
				SDKROOT = iphoneos;
				SWIFT_VERSION = 5.9;
				TARGETED_DEVICE_FAMILY = 1;
				TEST_HOST = "$(BUILT_PRODUCTS_DIR)/Rook.app/Rook";
			};
			name = Debug;
		};
		4760CF0496E3D1CD5C5E1021 /* Release */ = {
			isa = XCBuildConfiguration;
			buildSettings = {
				ALWAYS_SEARCH_USER_PATHS = NO;
				CLANG_ANALYZER_NONNULL = YES;
				CLANG_ANALYZER_NUMBER_OBJECT_CONVERSION = YES_AGGRESSIVE;
				CLANG_CXX_LANGUAGE_STANDARD = "gnu++14";
				CLANG_CXX_LIBRARY = "libc++";
				CLANG_ENABLE_MODULES = YES;
				CLANG_ENABLE_OBJC_ARC = YES;
				CLANG_ENABLE_OBJC_WEAK = YES;
				CLANG_WARN_BLOCK_CAPTURE_AUTORELEASING = YES;
				CLANG_WARN_BOOL_CONVERSION = YES;
				CLANG_WARN_COMMA = YES;
				CLANG_WARN_CONSTANT_CONVERSION = YES;
				CLANG_WARN_DEPRECATED_OBJC_IMPLEMENTATIONS = YES;
				CLANG_WARN_DIRECT_OBJC_ISA_USAGE = YES_ERROR;
				CLANG_WARN_DOCUMENTATION_COMMENTS = YES;
				CLANG_WARN_EMPTY_BODY = YES;
				CLANG_WARN_ENUM_CONVERSION = YES;
				CLANG_WARN_INFINITE_RECURSION = YES;
				CLANG_WARN_INT_CONVERSION = YES;
				CLANG_WARN_NON_LITERAL_NULL_CONVERSION = YES;
				CLANG_WARN_OBJC_IMPLICIT_RETAIN_SELF = YES;
				CLANG_WARN_OBJC_LITERAL_CONVERSION = YES;
				CLANG_WARN_OBJC_ROOT_CLASS = YES_ERROR;
				CLANG_WARN_QUOTED_INCLUDE_IN_FRAMEWORK_HEADER = YES;
				CLANG_WARN_RANGE_LOOP_ANALYSIS = YES;
				CLANG_WARN_STRICT_PROTOTYPES = YES;
				CLANG_WARN_SUSPICIOUS_MOVE = YES;
				CLANG_WARN_UNGUARDED_AVAILABILITY = YES_AGGRESSIVE;
				CLANG_WARN_UNREACHABLE_CODE = YES;
				CLANG_WARN__DUPLICATE_METHOD_MATCH = YES;
				COPY_PHASE_STRIP = NO;
				DEBUG_INFORMATION_FORMAT = "dwarf-with-dsym";
				ENABLE_NS_ASSERTIONS = NO;
				ENABLE_STRICT_OBJC_MSGSEND = YES;
				GCC_C_LANGUAGE_STANDARD = gnu11;
				GCC_NO_COMMON_BLOCKS = YES;
				GCC_WARN_64_TO_32_BIT_CONVERSION = YES;
				GCC_WARN_ABOUT_RETURN_TYPE = YES_ERROR;
				GCC_WARN_UNDECLARED_SELECTOR = YES;
				GCC_WARN_UNINITIALIZED_AUTOS = YES_AGGRESSIVE;
				GCC_WARN_UNUSED_FUNCTION = YES;
				GCC_WARN_UNUSED_VARIABLE = YES;
				IPHONEOS_DEPLOYMENT_TARGET = 17.0;
				MTL_ENABLE_DEBUG_INFO = NO;
				MTL_FAST_MATH = YES;
				PRODUCT_NAME = "$(TARGET_NAME)";
				SDKROOT = iphoneos;
				SWIFT_COMPILATION_MODE = wholemodule;
				SWIFT_OPTIMIZATION_LEVEL = "-O";
				SWIFT_STRICT_CONCURRENCY = minimal;
				SWIFT_VERSION = 5.9;
			};
			name = Release;
		};
		766D2248AD7B005D9822D0AE /* Release */ = {
			isa = XCBuildConfiguration;
			buildSettings = {
				ENABLE_USER_SCRIPT_SANDBOXING = NO;
				GENERATE_INFOPLIST_FILE = NO;
				INFOPLIST_FILE = RookWidgets/Info.plist;
				LD_RUNPATH_SEARCH_PATHS = (
					"$(inherited)",
					"@executable_path/Frameworks",
					"@executable_path/../../Frameworks",
				);
				PRODUCT_BUNDLE_IDENTIFIER = com.rookery.d56ksd4ff9.Rook.RookWidgets;
				PRODUCT_NAME = RookWidgets;
				SDKROOT = iphoneos;
				SWIFT_VERSION = 5.9;
				TARGETED_DEVICE_FAMILY = 1;
			};
			name = Release;
		};
		91441F353259EEBCD1B5DDD6 /* Debug */ = {
			isa = XCBuildConfiguration;
			buildSettings = {
				ALWAYS_SEARCH_USER_PATHS = NO;
				CLANG_ANALYZER_NONNULL = YES;
				CLANG_ANALYZER_NUMBER_OBJECT_CONVERSION = YES_AGGRESSIVE;
				CLANG_CXX_LANGUAGE_STANDARD = "gnu++14";
				CLANG_CXX_LIBRARY = "libc++";
				CLANG_ENABLE_MODULES = YES;
				CLANG_ENABLE_OBJC_ARC = YES;
				CLANG_ENABLE_OBJC_WEAK = YES;
				CLANG_WARN_BLOCK_CAPTURE_AUTORELEASING = YES;
				CLANG_WARN_BOOL_CONVERSION = YES;
				CLANG_WARN_COMMA = YES;
				CLANG_WARN_CONSTANT_CONVERSION = YES;
				CLANG_WARN_DEPRECATED_OBJC_IMPLEMENTATIONS = YES;
				CLANG_WARN_DIRECT_OBJC_ISA_USAGE = YES_ERROR;
				CLANG_WARN_DOCUMENTATION_COMMENTS = YES;
				CLANG_WARN_EMPTY_BODY = YES;
				CLANG_WARN_ENUM_CONVERSION = YES;
				CLANG_WARN_INFINITE_RECURSION = YES;
				CLANG_WARN_INT_CONVERSION = YES;
				CLANG_WARN_NON_LITERAL_NULL_CONVERSION = YES;
				CLANG_WARN_OBJC_IMPLICIT_RETAIN_SELF = YES;
				CLANG_WARN_OBJC_LITERAL_CONVERSION = YES;
				CLANG_WARN_OBJC_ROOT_CLASS = YES_ERROR;
				CLANG_WARN_QUOTED_INCLUDE_IN_FRAMEWORK_HEADER = YES;
				CLANG_WARN_RANGE_LOOP_ANALYSIS = YES;
				CLANG_WARN_STRICT_PROTOTYPES = YES;
				CLANG_WARN_SUSPICIOUS_MOVE = YES;
				CLANG_WARN_UNGUARDED_AVAILABILITY = YES_AGGRESSIVE;
				CLANG_WARN_UNREACHABLE_CODE = YES;
				CLANG_WARN__DUPLICATE_METHOD_MATCH = YES;
				COPY_PHASE_STRIP = NO;
				DEBUG_INFORMATION_FORMAT = dwarf;
				ENABLE_STRICT_OBJC_MSGSEND = YES;
				ENABLE_TESTABILITY = YES;
				GCC_C_LANGUAGE_STANDARD = gnu11;
				GCC_DYNAMIC_NO_PIC = NO;
				GCC_NO_COMMON_BLOCKS = YES;
				GCC_OPTIMIZATION_LEVEL = 0;
				GCC_PREPROCESSOR_DEFINITIONS = (
					"$(inherited)",
					"DEBUG=1",
				);
				GCC_WARN_64_TO_32_BIT_CONVERSION = YES;
				GCC_WARN_ABOUT_RETURN_TYPE = YES_ERROR;
				GCC_WARN_UNDECLARED_SELECTOR = YES;
				GCC_WARN_UNINITIALIZED_AUTOS = YES_AGGRESSIVE;
				GCC_WARN_UNUSED_FUNCTION = YES;
				GCC_WARN_UNUSED_VARIABLE = YES;
				IPHONEOS_DEPLOYMENT_TARGET = 17.0;
				MTL_ENABLE_DEBUG_INFO = INCLUDE_SOURCE;
				MTL_FAST_MATH = YES;
				ONLY_ACTIVE_ARCH = YES;
				PRODUCT_NAME = "$(TARGET_NAME)";
				SDKROOT = iphoneos;
				SWIFT_ACTIVE_COMPILATION_CONDITIONS = DEBUG;
				SWIFT_OPTIMIZATION_LEVEL = "-Onone";
				SWIFT_STRICT_CONCURRENCY = minimal;
				SWIFT_VERSION = 5.9;
			};
			name = Debug;
		};
		A7E8AF5E57CF240F44D67F1F /* Debug */ = {
			isa = XCBuildConfiguration;
			buildSettings = {
				ENABLE_USER_SCRIPT_SANDBOXING = NO;
				GENERATE_INFOPLIST_FILE = NO;
				INFOPLIST_FILE = RookWidgets/Info.plist;
				LD_RUNPATH_SEARCH_PATHS = (
					"$(inherited)",
					"@executable_path/Frameworks",
					"@executable_path/../../Frameworks",
				);
				PRODUCT_BUNDLE_IDENTIFIER = com.rookery.d56ksd4ff9.Rook.RookWidgets;
				PRODUCT_NAME = RookWidgets;
				SDKROOT = iphoneos;
				SWIFT_VERSION = 5.9;
				TARGETED_DEVICE_FAMILY = 1;
			};
			name = Debug;
		};
		BD54EE846FEF53D388E8ED3B /* Release */ = {
			isa = XCBuildConfiguration;
			buildSettings = {
				ASSETCATALOG_COMPILER_APPICON_NAME = AppIcon;
				CODE_SIGN_ENTITLEMENTS = Sources/Rook.entitlements;
				CODE_SIGN_IDENTITY = "iPhone Developer";
				ENABLE_USER_SCRIPT_SANDBOXING = NO;
				GENERATE_INFOPLIST_FILE = NO;
				INFOPLIST_FILE = Sources/Info.plist;
				LD_RUNPATH_SEARCH_PATHS = (
					"$(inherited)",
					"@executable_path/Frameworks",
				);
				PRODUCT_BUNDLE_IDENTIFIER = com.rookery.d56ksd4ff9.Rook;
				PRODUCT_NAME = Rook;
				SDKROOT = iphoneos;
				TARGETED_DEVICE_FAMILY = 1;
			};
			name = Release;
		};
/* End XCBuildConfiguration section */

/* Begin XCConfigurationList section */
		1A686D95BA99B938A4E66840 /* Build configuration list for PBXNativeTarget "Rook" */ = {
			isa = XCConfigurationList;
			buildConfigurations = (
				1CBEE1668F6A0CDCC7C0F1A9 /* Debug */,
				BD54EE846FEF53D388E8ED3B /* Release */,
			);
			defaultConfigurationIsVisible = 0;
			defaultConfigurationName = Debug;
		};
		2E01152453FD3DA0BCEE47A9 /* Build configuration list for PBXNativeTarget "RookTests" */ = {
			isa = XCConfigurationList;
			buildConfigurations = (
				3063BF82538929D41207A38A /* Debug */,
				0A867F4E65BBC45437692936 /* Release */,
			);
			defaultConfigurationIsVisible = 0;
			defaultConfigurationName = Debug;
		};
		8D92C9375EB3AAE1CAF52C4A /* Build configuration list for PBXProject "Rook" */ = {
			isa = XCConfigurationList;
			buildConfigurations = (
				91441F353259EEBCD1B5DDD6 /* Debug */,
				4760CF0496E3D1CD5C5E1021 /* Release */,
			);
			defaultConfigurationIsVisible = 0;
			defaultConfigurationName = Debug;
		};
		D826BD93B8E44A350D602C19 /* Build configuration list for PBXNativeTarget "RookWidgets" */ = {
			isa = XCConfigurationList;
			buildConfigurations = (
				A7E8AF5E57CF240F44D67F1F /* Debug */,
				766D2248AD7B005D9822D0AE /* Release */,
			);
			defaultConfigurationIsVisible = 0;
			defaultConfigurationName = Debug;
		};
/* End XCConfigurationList section */

/* Begin XCLocalSwiftPackageReference section */
		01A6C9AEB7EFAF3E16322253 /* XCLocalSwiftPackageReference "../RookKit" */ = {
			isa = XCLocalSwiftPackageReference;
			relativePath = ../RookKit;
		};
/* End XCLocalSwiftPackageReference section */

/* Begin XCSwiftPackageProductDependency section */
		14EB51A753FB1D1C047A02B6 /* RookKit */ = {
			isa = XCSwiftPackageProductDependency;
			productName = RookKit;
		};
		64A7D4CEE4B45F2BC8831662 /* RookKit */ = {
			isa = XCSwiftPackageProductDependency;
			productName = RookKit;
		};
/* End XCSwiftPackageProductDependency section */
	};
	rootObject = 8551ED3D5A86D0D7BBCB0C85 /* Project object */;
}
